
Microsoft Visual Studio Solution File, Format Version 12.00
# Visual Studio Version 16
VisualStudioVersion = 16.0.31328.270
MinimumVisualStudioVersion = 10.0.40219.1
Project("{9A19103F-16F7-4668-BE54-9A1E7A4F7556}") = "Shopping.Client", "Shopping.Client\Shopping.Client.csproj", "{B0F52A65-C80F-4B26-B9C3-B19EE4827854}"
EndProject
Project("{9A19103F-16F7-4668-BE54-9A1E7A4F7556}") = "Shopping.API", "Shopping.API\Shopping.API.csproj", "{AD4B2F67-B3C7-4698-BA28-569365FBA203}"
EndProject
Project("{E53339B2-1760-4266-BCC7-CA923CBCF16C}") = "docker-compose", "docker-compose.dcproj", "{586874EF-0BFB-43EB-8C4D-83EE9146D29A}"
EndProject
Global
	GlobalSection(SolutionConfigurationPlatforms) = preSolution
		Debug|Any CPU = Debug|Any CPU
		Release|Any CPU = Release|Any CPU
	EndGlobalSection
	GlobalSection(ProjectConfigurationPlatforms) = postSolution
		{B0F52A65-C80F-4B26-B9C3-B19EE4827854}.Debug|Any CPU.ActiveCfg = Debug|Any CPU
		{B0F52A65-C80F-4B26-B9C3-B19EE4827854}.Debug|Any CPU.Build.0 = Debug|Any CPU
		{B0F52A65-C80F-4B26-B9C3-B19EE4827854}.Release|Any CPU.ActiveCfg = Release|Any CPU
		{B0F52A65-C80F-4B26-B9C3-B19EE4827854}.Release|Any CPU.Build.0 = Release|Any CPU
		{AD4B2F67-B3C7-4698-BA28-569365FBA203}.Debug|Any CPU.ActiveCfg = Debug|Any CPU
		{AD4B2F67-B3C7-4698-BA28-569365FBA203}.Debug|Any CPU.Build.0 = Debug|Any CPU
		{AD4B2F67-B3C7-4698-BA28-569365FBA203}.Release|Any CPU.ActiveCfg = Release|Any CPU
		{AD4B2F67-B3C7-4698-BA28-569365FBA203}.Release|Any CPU.Build.0 = Release|Any CPU
		{586874EF-0BFB-43EB-8C4D-83EE9146D29A}.Debug|Any CPU.ActiveCfg = Debug|Any CPU
		{586874EF-0BFB-43EB-8C4D-83EE9146D29A}.Debug|Any CPU.Build.0 = Debug|Any CPU
		{586874EF-0BFB-43EB-8C4D-83EE9146D29A}.Release|Any CPU.ActiveCfg = Release|Any CPU
		{586874EF-0BFB-43EB-8C4D-83EE9146D29A}.Release|Any CPU.Build.0 = Release|Any CPU
	EndGlobalSection
	GlobalSection(SolutionProperties) = preSolution
		HideSolutionNode = FALSE
	EndGlobalSection
	GlobalSection(ExtensibilityGlobals) = postSolution
		SolutionGuid = {DF24F64D-1601-46BB-81F3-B2A0B3FF83C8}
	EndGlobalSection
EndGlobal
